{
  "version": "2",
  "remote": {
    "https://deno.land/x/hono@v3.5.6/adapter/deno/serve-static.ts": "ba10cf6aaf39da942b0d49c3b9877ddba69d41d414c6551d890beb1085f58eea",
    "https://deno.land/x/hono@v3.5.6/client/client.ts": "e56bef190db745f83b3560562e4ef3716df372b416c6a05c2a8038b854fd2eb3",
    "https://deno.land/x/hono@v3.5.6/client/index.ts": "3ff4cf246f3543f827a85a2c84d66a025ac350ee927613629bda47e854bfb7ba",
    "https://deno.land/x/hono@v3.5.6/client/utils.ts": "053273c002963b549d38268a1b423ac8ca211a8028bdab1ed0b781a62aa5e661",
    "https://deno.land/x/hono@v3.5.6/compose.ts": "e55ed7be2134f363ff3c8e8e2f520ff682c6a11a47d7189100ed69704ce10b9e",
    "https://deno.land/x/hono@v3.5.6/context.ts": "87b2017a3396e1d84c91229ad7c3016670425508572c9855ec6c70fc4b9d1b84",
    "https://deno.land/x/hono@v3.5.6/helper.ts": "c437ab8d4d4cff28fadbd1cb51e9293a9072a5924119446e0acc3339f3666838",
    "https://deno.land/x/hono@v3.5.6/helper/adapter/index.ts": "4291760baf072e11663ca7dca20422988fc50fe7bf78ce381aa1b2840d2fc75f",
    "https://deno.land/x/hono@v3.5.6/helper/cookie/index.ts": "cef46836d186d9d920f620519f7e96fbe7326c19576b86e1e555ed2229476091",
    "https://deno.land/x/hono@v3.5.6/helper/html/index.ts": "a5028d8170dcc030d003749e743213e6532ff65798b741b81220207abc9af82d",
    "https://deno.land/x/hono@v3.5.6/hono-base.ts": "f7b5848f72de985b7cce9061526eba51c7cbe944f46d8e5dc5d09b21a20dbbd8",
    "https://deno.land/x/hono@v3.5.6/hono.ts": "4bb8574697129ccab8b3a0e457cdc78468c31e3330fece8a7d8850e9314bf5ef",
    "https://deno.land/x/hono@v3.5.6/http-exception.ts": "6071df078b5f76d279684d52fe82a590f447a64ffe1b75eb5064d0c8a8d2d676",
    "https://deno.land/x/hono@v3.5.6/jsx/index.ts": "7c49f4d770c837a0e8c18e76994553b8ea0e8b746240044cb5395c6ebf87fd6e",
    "https://deno.land/x/hono@v3.5.6/middleware.ts": "21032c8d8468435b4268accd540b469cd764edfa745b5e36244a76f9eb898f0c",
    "https://deno.land/x/hono@v3.5.6/middleware/basic-auth/index.ts": "5505288ccf9364f56f7be2dfac841543b72e20656e54ac646a1a73a0aa853261",
    "https://deno.land/x/hono@v3.5.6/middleware/bearer-auth/index.ts": "11d4ead9b57f5bcb2b6b4bf27076871f15da0e1e8828b2b79d90c15423357b47",
    "https://deno.land/x/hono@v3.5.6/middleware/cache/index.ts": "9e5d31d33206bb5dba46dde16ed606dd2cb361d75c26b02e02c72bd1fb6fe53e",
    "https://deno.land/x/hono@v3.5.6/middleware/compress/index.ts": "85d315c9a942d7758e5c524dc94b736124646a56752e56c6e4284f3989b4692a",
    "https://deno.land/x/hono@v3.5.6/middleware/cors/index.ts": "c227e20bdd6481120e39a222e8dcec24ab129714748f68f3ddc859ef6855fe0f",
    "https://deno.land/x/hono@v3.5.6/middleware/etag/index.ts": "2d71b48e74d80e899d5a34cbf900496dd732a2255740a77c41bdf2d723e3ed39",
    "https://deno.land/x/hono@v3.5.6/middleware/jwt/index.ts": "6a8fa9ca42e49756dd1b8db6f0abe5b6684681ece8fc7f65a4892f7a82000236",
    "https://deno.land/x/hono@v3.5.6/middleware/logger/index.ts": "c139f372f482baeffbad68b14bef990e011fe8df578dcee71fb612ffad7fe748",
    "https://deno.land/x/hono@v3.5.6/middleware/powered-by/index.ts": "c36b7a3d1322c6a37f3d1510f7ff04a85aa6cacfac2173e5f1913eb16c3cc869",
    "https://deno.land/x/hono@v3.5.6/middleware/pretty-json/index.ts": "f6967ceecdb42c95ddd5e2e7bc8545d3e8bda111fa659f3f1336b2e6fe6b0bb0",
    "https://deno.land/x/hono@v3.5.6/middleware/secure-headers/index.ts": "22ee5b8b436d6b3d46a6ce4387cd987f1affce25e813ade9ec371f156a16a871",
    "https://deno.land/x/hono@v3.5.6/middleware/timing/index.ts": "d6976a07d9d51a7b26dae1311fe51d0744f7d234498bac3fe024ec7088c0ca47",
    "https://deno.land/x/hono@v3.5.6/mod.ts": "eee0818e5c557b72863abdd68dcf6fd5277e6e85851a685c7398566f2c12947c",
    "https://deno.land/x/hono@v3.5.6/request.ts": "77d67266e47fbaf0145f069e2fb02799b8d54504bb8c945c8b65a513bdd11aa9",
    "https://deno.land/x/hono@v3.5.6/router.ts": "d03e2a9e862c898e8555b451ba80c65b1f39d487230815229e1f046dbd8546cb",
    "https://deno.land/x/hono@v3.5.6/router/linear-router/index.ts": "8a2a7144c50b1f4a92d9ee99c2c396716af144c868e10608255f969695efccd0",
    "https://deno.land/x/hono@v3.5.6/router/linear-router/router.ts": "90d4afc052b72f53dafbcf97fd32f24299b985f8a35dbdc70b28048201b3dcbc",
    "https://deno.land/x/hono@v3.5.6/router/pattern-router/index.ts": "304a66c50e243872037ed41c7dd79ed0c89d815e17e172e7ad7cdc4bc07d3383",
    "https://deno.land/x/hono@v3.5.6/router/pattern-router/router.ts": "8107b92cb713ba3727639c76fab44fd26883d5f2fa7dd39242150a0f269d4835",
    "https://deno.land/x/hono@v3.5.6/router/reg-exp-router/index.ts": "52755829213941756159b7a963097bafde5cc4fc22b13b1c7c9184dc0512d1db",
    "https://deno.land/x/hono@v3.5.6/router/reg-exp-router/node.ts": "8006b5bccb83d9fc98e0562a5545f6dd0be639ce445b089a6171c9c617aa8693",
    "https://deno.land/x/hono@v3.5.6/router/reg-exp-router/router.ts": "aeddd88e16a7ec3cf088a13ee952cfcb3319f97559767253e1a600f72fc70f27",
    "https://deno.land/x/hono@v3.5.6/router/reg-exp-router/trie.ts": "567493b301c44174f0895aedb8d055bbecf88f8a25626fa8ca61333bbd0c882c",
    "https://deno.land/x/hono@v3.5.6/router/smart-router/index.ts": "74f9b4fe15ea535900f2b9b048581915f12fe94e531dd2b0032f5610e61c3bef",
    "https://deno.land/x/hono@v3.5.6/router/smart-router/router.ts": "38209165dadea4182b42807a0a6c84a9258532a07ebf87262dc2b5b09d25a2a2",
    "https://deno.land/x/hono@v3.5.6/router/trie-router/index.ts": "3eb75e7f71ba81801631b30de6b1f5cefb2c7239c03797e2b2cbab5085911b41",
    "https://deno.land/x/hono@v3.5.6/router/trie-router/node.ts": "a52111dea7436d6817ffca04018eb65e552e9d7b15fba11b367016334dcb1b0f",
    "https://deno.land/x/hono@v3.5.6/router/trie-router/router.ts": "ad0b3fdabc33abd11a9f5819734aec743602a743cfc9f90ddad73787cd5e7727",
    "https://deno.land/x/hono@v3.5.6/types.ts": "aea3f80e883fbfa45c71d7fd4ac6f7f0cd37e1e25a54bb056f9aa9e3830ec9ab",
    "https://deno.land/x/hono@v3.5.6/utils/body.ts": "bf2b7732c5941a1024ed5a6017c37ac4edc341379a6d93233f05faa0b37bbff0",
    "https://deno.land/x/hono@v3.5.6/utils/buffer.ts": "d28ab08d2571e890ec2ad7ce4c0318a503094f8403eac3d5eb18a8e5c23b29b2",
    "https://deno.land/x/hono@v3.5.6/utils/cookie.ts": "3585fd451de104e7e090d5b4d685f71b528873b21a634cb96b19fed622fe4384",
    "https://deno.land/x/hono@v3.5.6/utils/crypto.ts": "bda0e141bbe46d3a4a20f8fbcb6380d473b617123d9fdfa93e4499410b537acc",
    "https://deno.land/x/hono@v3.5.6/utils/encode.ts": "3b7c7d736123b5073542b34321700d4dbf5ff129c138f434bb2144a4d425ee89",
    "https://deno.land/x/hono@v3.5.6/utils/filepath.ts": "0059e4d88e62c3630aa67bd51eca0a6d4767c7e5d472d0ea2e1fec691008d152",
    "https://deno.land/x/hono@v3.5.6/utils/html.ts": "9dac0ef4014170bbd387c20913e60d6f506ecd95ba931c0e5a86e50962c118fe",
    "https://deno.land/x/hono@v3.5.6/utils/jwt/index.ts": "5e4b82a42eb3603351dfce726cd781ca41cb57437395409d227131aec348d2d5",
    "https://deno.land/x/hono@v3.5.6/utils/jwt/jwt.ts": "e822e0c183cdc77709ccfba7b527f624f695c149425a00602d314165a87ee1bf",
    "https://deno.land/x/hono@v3.5.6/utils/jwt/types.ts": "16d7fa878a875eddd0049f0aa0192075058f19d51816a5d484d9b80e4d27abea",
    "https://deno.land/x/hono@v3.5.6/utils/mime.ts": "0105d2b5e8e91f07acc70f5d06b388313995d62af23c802fcfba251f5a744d95",
    "https://deno.land/x/hono@v3.5.6/utils/url.ts": "5fc3307ef3cb2e6f34ec2a03e3d7f2126c6a9f5f0eab677222df3f0e40bd7567",
    "https://deno.land/x/hono@v3.5.6/validator/index.ts": "6c986e8b91dcf857ecc8164a506ae8eea8665792a4ff7215471df669c632ae7c",
    "https://deno.land/x/hono@v3.5.6/validator/validator.ts": "0b0ed07a8a8e3ff98cbf20f185e332f70d353c696f16e75dd1a665e2762a2ecb",
    "https://deno.land/x/zod@v3.16.1/ZodError.ts": "6e56e6416bbbad3539b577b7636dc198e5d87cf59f1ceb4e7b58d1d38190c2f7",
    "https://deno.land/x/zod@v3.16.1/external.ts": "433e13ff774fef22d416027308db33cacb719774898372ec5faa32bb572f11dc",
    "https://deno.land/x/zod@v3.16.1/helpers/errorUtil.ts": "7a77328240be7b847af6de9189963bd9f79cab32bbc61502a9db4fe6683e2ea7",
    "https://deno.land/x/zod@v3.16.1/helpers/parseUtil.ts": "2611b41b579f551fcf0799415f9793709637bc7c7778bf53aab73cea92e859db",
    "https://deno.land/x/zod@v3.16.1/helpers/partialUtil.ts": "8dc921a02b47384cf52217c7e539268daf619f89319b75bdf13ea178815725df",
    "https://deno.land/x/zod@v3.16.1/helpers/typeAliases.ts": "a1a8d039eb98925f242f5ea1e21e6d3cabd7f05e9747680165c914695c979b4f",
    "https://deno.land/x/zod@v3.16.1/helpers/util.ts": "1d28cc4dfde641f20d8544a1a747cf745d5eda0c5cdeaca8a29837991254a67d",
    "https://deno.land/x/zod@v3.16.1/index.ts": "035a7422d9f2be54daa0fe464254b69225b443000673e4794095d672471e8792",
    "https://deno.land/x/zod@v3.16.1/mod.ts": "64e55237cb4410e17d968cd08975566059f27638ebb0b86048031b987ba251c4",
    "https://deno.land/x/zod@v3.16.1/types.ts": "fff4c7909b1919989c4cc1abe6218dfbdb53e197cacb2dfad2831dbd71dc56d2"
  },
  "npm": {
    "specifiers": {
      "redis@4": "redis@4.6.8_@redis+client@1.5.9"
    },
    "packages": {
      "@redis/bloom@1.2.0_@redis+client@1.5.9": {
        "integrity": "sha512-HG2DFjYKbpNmVXsa0keLHp/3leGJz1mjh09f2RLGGLQZzSHpkmZWuwJbAvo3QcRY8p80m5+ZdXZdYOSBLlp7Cg==",
        "dependencies": {
          "@redis/client": "@redis/client@1.5.9"
        }
      },
      "@redis/client@1.5.9": {
        "integrity": "sha512-SffgN+P1zdWJWSXBvJeynvEnmnZrYmtKSRW00xl8pOPFOMJjxRR9u0frSxJpPR6Y4V+k54blJjGW7FgxbTI7bQ==",
        "dependencies": {
          "cluster-key-slot": "cluster-key-slot@1.1.2",
          "generic-pool": "generic-pool@3.9.0",
          "yallist": "yallist@4.0.0"
        }
      },
      "@redis/graph@1.1.0_@redis+client@1.5.9": {
        "integrity": "sha512-16yZWngxyXPd+MJxeSr0dqh2AIOi8j9yXKcKCwVaKDbH3HTuETpDVPcLujhFYVPtYrngSco31BUcSa9TH31Gqg==",
        "dependencies": {
          "@redis/client": "@redis/client@1.5.9"
        }
      },
      "@redis/json@1.0.4_@redis+client@1.5.9": {
        "integrity": "sha512-LUZE2Gdrhg0Rx7AN+cZkb1e6HjoSKaeeW8rYnt89Tly13GBI5eP4CwDVr+MY8BAYfCg4/N15OUrtLoona9uSgw==",
        "dependencies": {
          "@redis/client": "@redis/client@1.5.9"
        }
      },
      "@redis/search@1.1.3_@redis+client@1.5.9": {
        "integrity": "sha512-4Dg1JjvCevdiCBTZqjhKkGoC5/BcB7k9j99kdMnaXFXg8x4eyOIVg9487CMv7/BUVkFLZCaIh8ead9mU15DNng==",
        "dependencies": {
          "@redis/client": "@redis/client@1.5.9"
        }
      },
      "@redis/time-series@1.0.5_@redis+client@1.5.9": {
        "integrity": "sha512-IFjIgTusQym2B5IZJG3XKr5llka7ey84fw/NOYqESP5WUfQs9zz1ww/9+qoz4ka/S6KcGBodzlCeZ5UImKbscg==",
        "dependencies": {
          "@redis/client": "@redis/client@1.5.9"
        }
      },
      "cluster-key-slot@1.1.2": {
        "integrity": "sha512-RMr0FhtfXemyinomL4hrWcYJxmX6deFdCxpJzhDttxgO1+bcCnkk+9drydLVDmAMG7NE6aN/fl4F7ucU/90gAA==",
        "dependencies": {}
      },
      "generic-pool@3.9.0": {
        "integrity": "sha512-hymDOu5B53XvN4QT9dBmZxPX4CWhBPPLguTZ9MMFeFa/Kg0xWVfylOVNlJji/E7yTZWFd/q9GO5TxDLq156D7g==",
        "dependencies": {}
      },
      "redis@4.6.8_@redis+client@1.5.9": {
        "integrity": "sha512-S7qNkPUYrsofQ0ztWlTHSaK0Qqfl1y+WMIxrzeAGNG+9iUZB4HGeBgkHxE6uJJ6iXrkvLd1RVJ2nvu6H1sAzfQ==",
        "dependencies": {
          "@redis/bloom": "@redis/bloom@1.2.0_@redis+client@1.5.9",
          "@redis/client": "@redis/client@1.5.9",
          "@redis/graph": "@redis/graph@1.1.0_@redis+client@1.5.9",
          "@redis/json": "@redis/json@1.0.4_@redis+client@1.5.9",
          "@redis/search": "@redis/search@1.1.3_@redis+client@1.5.9",
          "@redis/time-series": "@redis/time-series@1.0.5_@redis+client@1.5.9"
        }
      },
      "yallist@4.0.0": {
        "integrity": "sha512-3wdGidZyq5PB084XLES5TpOSRA3wjXAlIWMhum2kRcv/41Sn2emQ0dycQW4uZXLejwKvg6EsvbdlVL+FYEct7A==",
        "dependencies": {}
      }
    }
  }
}
